// !$*UTF8*$!
{
	archiveVersion = 1;
	classes = {
	};
	objectVersion = 47;
	objects = {

/* Begin PBXBuildFile section */
		60EACE8E1C3B9A2700531B61 /* experiment.cpp in Sources */ = {isa = PBXBuildFile; fileRef = 60EACE8D1C3B9A2700531B61 /* experiment.cpp */; };
/* End PBXBuildFile section */

/* Begin PBXCopyFilesBuildPhase section */
		60235A9A1C2C457D00963D4C /* CopyFiles */ = {
			isa = PBXCopyFilesBuildPhase;
			buildActionMask = 2147483647;
			dstPath = /usr/share/man/man1/;
			dstSubfolderSpec = 0;
			files = (
			);
			runOnlyForDeploymentPostprocessing = 1;
		};
/* End PBXCopyFilesBuildPhase section */

/* Begin PBXFileReference section */
		60235B661C31B95600963D4C /* classes */ = {isa = PBXFileReference; lastKnownFileType = folder; path = classes; sourceTree = "<group>"; };
		60235B671C31B95600963D4C /* char */ = {isa = PBXFileReference; lastKnownFileType = folder; path = char; sourceTree = "<group>"; };
		60235B681C31B95600963D4C /* binaries */ = {isa = PBXFileReference; lastKnownFileType = folder; path = binaries; sourceTree = "<group>"; };
		60235B691C31B95600963D4C /* bin */ = {isa = PBXFileReference; lastKnownFileType = folder; path = bin; sourceTree = "<group>"; };
		60235B6A1C31B95600963D4C /* backbone */ = {isa = PBXFileReference; lastKnownFileType = folder; path = backbone; sourceTree = "<group>"; };
		60235B6B1C31B96200963D4C /* grail.cpp */ = {isa = PBXFileReference; fileEncoding = 4; lastKnownFileType = sourcecode.cpp.cpp; name = grail.cpp; path = char/grail.cpp; sourceTree = "<group>"; };
		60235B6D1C31BECD00963D4C /* NFAs */ = {isa = PBXFileReference; lastKnownFileType = folder; path = NFAs; sourceTree = "<group>"; };
		60EACE871C3ADC5100531B61 /* NewGrail */ = {isa = PBXFileReference; explicitFileType = "compiled.mach-o.executable"; includeInIndex = 0; path = NewGrail; sourceTree = BUILT_PRODUCTS_DIR; };
		60EACE8D1C3B9A2700531B61 /* experiment.cpp */ = {isa = PBXFileReference; fileEncoding = 4; lastKnownFileType = sourcecode.cpp.cpp; name = experiment.cpp; path = char/experiment.cpp; sourceTree = "<group>"; };
/* End PBXFileReference section */

/* Begin PBXFrameworksBuildPhase section */
		60235A991C2C457D00963D4C /* Frameworks */ = {
			isa = PBXFrameworksBuildPhase;
			buildActionMask = 2147483647;
			files = (
			);
			runOnlyForDeploymentPostprocessing = 0;
		};
/* End PBXFrameworksBuildPhase section */

/* Begin PBXGroup section */
		60235A931C2C457D00963D4C = {
			isa = PBXGroup;
			children = (
				60235B6D1C31BECD00963D4C /* NFAs */,
				60235B6B1C31B96200963D4C /* grail.cpp */,
				60EACE8D1C3B9A2700531B61 /* experiment.cpp */,
				60235B661C31B95600963D4C /* classes */,
				60235B671C31B95600963D4C /* char */,
				60235B681C31B95600963D4C /* binaries */,
				60235B691C31B95600963D4C /* bin */,
				60235B6A1C31B95600963D4C /* backbone */,
				60EACE871C3ADC5100531B61 /* NewGrail */,
			);
			sourceTree = "<group>";
		};
/* End PBXGroup section */

/* Begin PBXNativeTarget section */
		60235A9B1C2C457D00963D4C /* NewGrail */ = {
			isa = PBXNativeTarget;
			buildConfigurationList = 60235AA31C2C457D00963D4C /* Build configuration list for PBXNativeTarget "NewGrail" */;
			buildPhases = (
				60235A981C2C457D00963D4C /* Sources */,
				60235A991C2C457D00963D4C /* Frameworks */,
				60235A9A1C2C457D00963D4C /* CopyFiles */,
			);
			buildRules = (
			);
			dependencies = (
			);
			name = NewGrail;
			productName = NewGrail;
			productReference = 60EACE871C3ADC5100531B61 /* NewGrail */;
			productType = "com.apple.product-type.tool";
		};
/* End PBXNativeTarget section */

/* Begin PBXProject section */
		60235A941C2C457D00963D4C /* Project object */ = {
			isa = PBXProject;
			attributes = {
				LastUpgradeCheck = 0720;
				ORGANIZATIONNAME = "고상기";
				TargetAttributes = {
					60235A9B1C2C457D00963D4C = {
						CreatedOnToolsVersion = 7.2;
					};
				};
			};
			buildConfigurationList = 60235A971C2C457D00963D4C /* Build configuration list for PBXProject "NewGrail" */;
			compatibilityVersion = "Xcode 6.3";
			developmentRegion = English;
			hasScannedForEncodings = 0;
			knownRegions = (
				en,
			);
			mainGroup = 60235A931C2C457D00963D4C;
			productRefGroup = 60235A931C2C457D00963D4C;
			projectDirPath = "";
			projectRoot = "";
			targets = (
				60235A9B1C2C457D00963D4C /* NewGrail */,
			);
		};
/* End PBXProject section */

/* Begin PBXSourcesBuildPhase section */
		60235A981C2C457D00963D4C /* Sources */ = {
			isa = PBXSourcesBuildPhase;
			buildActionMask = 2147483647;
			files = (
				60EACE8E1C3B9A2700531B61 /* experiment.cpp in Sources */,
			);
			runOnlyForDeploymentPostprocessing = 0;
		};
/* End PBXSourcesBuildPhase section */

/* Begin XCBuildConfiguration section */
		60235AA11C2C457D00963D4C /* Debug */ = {
			isa = XCBuildConfiguration;
			buildSettings = {
				ALWAYS_SEARCH_USER_PATHS = NO;
				CLANG_CXX_LANGUAGE_STANDARD = "gnu++0x";
				CLANG_CXX_LIBRARY = "libc++";
				CLANG_ENABLE_MODULES = YES;
				CLANG_ENABLE_OBJC_ARC = YES;
				CLANG_WARN_BOOL_CONVERSION = YES;
				CLANG_WARN_CONSTANT_CONVERSION = YES;
				CLANG_WARN_DIRECT_OBJC_ISA_USAGE = YES_ERROR;
				CLANG_WARN_EMPTY_BODY = YES;
				CLANG_WARN_ENUM_CONVERSION = YES;
				CLANG_WARN_INT_CONVERSION = YES;
				CLANG_WARN_OBJC_ROOT_CLASS = YES_ERROR;
				CLANG_WARN_UNREACHABLE_CODE = YES;
				CLANG_WARN__DUPLICATE_METHOD_MATCH = YES;
				CODE_SIGN_IDENTITY = "-";
				COPY_PHASE_STRIP = NO;
				DEBUG_INFORMATION_FORMAT = dwarf;
				ENABLE_STRICT_OBJC_MSGSEND = YES;
				ENABLE_TESTABILITY = YES;
				GCC_C_LANGUAGE_STANDARD = gnu99;
				GCC_DYNAMIC_NO_PIC = NO;
				GCC_NO_COMMON_BLOCKS = YES;
				GCC_OPTIMIZATION_LEVEL = 0;
				GCC_PREPROCESSOR_DEFINITIONS = (
					"DEBUG=1",
					"$(inherited)",
				);
				GCC_WARN_64_TO_32_BIT_CONVERSION = YES;
				GCC_WARN_ABOUT_RETURN_TYPE = YES_ERROR;
				GCC_WARN_UNDECLARED_SELECTOR = YES;
				GCC_WARN_UNINITIALIZED_AUTOS = YES_AGGRESSIVE;
				GCC_WARN_UNUSED_FUNCTION = YES;
				GCC_WARN_UNUSED_VARIABLE = YES;
				MACOSX_DEPLOYMENT_TARGET = 10.11;
				MTL_ENABLE_DEBUG_INFO = YES;
				ONLY_ACTIVE_ARCH = NO;
				SDKROOT = macosx;
			};
			name = Debug;
		};
		60235AA21C2C457D00963D4C /* Release */ = {
			isa = XCBuildConfiguration;
			buildSettings = {
				ALWAYS_SEARCH_USER_PATHS = NO;
				CLANG_CXX_LANGUAGE_STANDARD = "gnu++0x";
				CLANG_CXX_LIBRARY = "libc++";
				CLANG_ENABLE_MODULES = YES;
				CLANG_ENABLE_OBJC_ARC = YES;
				CLANG_WARN_BOOL_CONVERSION = YES;
				CLANG_WARN_CONSTANT_CONVERSION = YES;
				CLANG_WARN_DIRECT_OBJC_ISA_USAGE = YES_ERROR;
				CLANG_WARN_EMPTY_BODY = YES;
				CLANG_WARN_ENUM_CONVERSION = YES;
				CLANG_WARN_INT_CONVERSION = YES;
				CLANG_WARN_OBJC_ROOT_CLASS = YES_ERROR;
				CLANG_WARN_UNREACHABLE_CODE = YES;
				CLANG_WARN__DUPLICATE_METHOD_MATCH = YES;
				CODE_SIGN_IDENTITY = "-";
				COPY_PHASE_STRIP = NO;
				DEBUG_INFORMATION_FORMAT = "dwarf-with-dsym";
				ENABLE_NS_ASSERTIONS = NO;
				ENABLE_STRICT_OBJC_MSGSEND = YES;
				GCC_C_LANGUAGE_STANDARD = gnu99;
				GCC_NO_COMMON_BLOCKS = YES;
				GCC_WARN_64_TO_32_BIT_CONVERSION = YES;
				GCC_WARN_ABOUT_RETURN_TYPE = YES_ERROR;
				GCC_WARN_UNDECLARED_SELECTOR = YES;
				GCC_WARN_UNINITIALIZED_AUTOS = YES_AGGRESSIVE;
				GCC_WARN_UNUSED_FUNCTION = YES;
				GCC_WARN_UNUSED_VARIABLE = YES;
				MACOSX_DEPLOYMENT_TARGET = 10.11;
				MTL_ENABLE_DEBUG_INFO = NO;
				ONLY_ACTIVE_ARCH = YES;
				SDKROOT = macosx;
			};
			name = Release;
		};
		60235AA41C2C457D00963D4C /* Debug */ = {
			isa = XCBuildConfiguration;
			buildSettings = {
				"ADDITIONAL_SDKS[arch=x86_64]" = "";
				ONLY_ACTIVE_ARCH = NO;
				PRODUCT_NAME = "$(TARGET_NAME)";
				"VALID_ARCHS[sdk=*]" = "i386 x86_64";
			};
			name = Debug;
		};
		60235AA51C2C457D00963D4C /* Release */ = {
			isa = XCBuildConfiguration;
			buildSettings = {
				"ADDITIONAL_SDKS[arch=x86_64]" = "";
				ONLY_ACTIVE_ARCH = YES;
				PRODUCT_NAME = "$(TARGET_NAME)";
				"VALID_ARCHS[sdk=*]" = "i386 x86_64";
			};
			name = Release;
		};
/* End XCBuildConfiguration section */

/* Begin XCConfigurationList section */
		60235A971C2C457D00963D4C /* Build configuration list for PBXProject "NewGrail" */ = {
			isa = XCConfigurationList;
			buildConfigurations = (
				60235AA11C2C457D00963D4C /* Debug */,
				60235AA21C2C457D00963D4C /* Release */,
			);
			defaultConfigurationIsVisible = 0;
			defaultConfigurationName = Release;
		};
		60235AA31C2C457D00963D4C /* Build configuration list for PBXNativeTarget "NewGrail" */ = {
			isa = XCConfigurationList;
			buildConfigurations = (
				60235AA41C2C457D00963D4C /* Debug */,
				60235AA51C2C457D00963D4C /* Release */,
			);
			defaultConfigurationIsVisible = 0;
			defaultConfigurationName = Release;
		};
/* End XCConfigurationList section */
	};
	rootObject = 60235A941C2C457D00963D4C /* Project object */;
}
